<?xml version="1.0" encoding="utf-8"?>
<Project ToolsVersion="4.0" xmlns="http://schemas.microsoft.com/developer/msbuild/2003">
  <ItemGroup>
    <Filter Include="Source Files">
      <UniqueIdentifier>{4FC737F1-C7A5-4376-A066-2A32D752A2FF}</UniqueIdentifier>
      <Extensions>cpp;c;cc;cxx;def;odl;idl;hpj;bat;asm;asmx</Extensions>
    </Filter>
    <Filter Include="Header Files">
      <UniqueIdentifier>{93995380-89BD-4b04-88EB-625FBE52EBFB}</UniqueIdentifier>
      <Extensions>h;hh;hpp;hxx;hm;inl;inc;ipp;xsd</Extensions>
    </Filter>
    <Filter Include="Resource Files">
      <UniqueIdentifier>{67DA6AB6-F800-4c08-8B7A-83BB121AAD01}</UniqueIdentifier>
      <Extensions>rc;ico;cur;bmp;dlg;rc2;rct;bin;rgs;gif;jpg;jpeg;jpe;resx;tiff;tif;png;wav;mfcribbon-ms</Extensions>
    </Filter>
  </ItemGroup>
  <ItemGroup>
    <ClCompile Include="main.cpp">
      <Filter>Source Files</Filter>
    </ClCompile>
    <ClCompile Include="framework\system\input.cpp">
      <Filter>Source Files</Filter>
    </ClCompile>
    <ClCompile Include="framework\system\system.cpp">
      <Filter>Source Files</Filter>
    </ClCompile>
    <ClCompile Include="framework\system\window.cpp">
      <Filter>Source Files</Filter>
    </ClCompile>
    <ClCompile Include="framework\system\timer\timer.cpp">
      <Filter>Source Files</Filter>
    </ClCompile>
    <ClCompile Include="framework\system\timer\timerFPS.cpp">
      <Filter>Source Files</Filter>
    </ClCompile>
    <ClCompile Include="framework\game\game.cpp">
      <Filter>Source Files</Filter>
    </ClCompile>
    <ClCompile Include="framework\system\managers\scene_manager.cpp">
      <Filter>Source Files</Filter>
    </ClCompile>
    <ClCompile Include="framework\system\managers\update_manager.cpp">
      <Filter>Source Files</Filter>
    </ClCompile>
    <ClCompile Include="framework\graphics\shader.cpp">
      <Filter>Source Files</Filter>
    </ClCompile>
    <ClCompile Include="framework\utils\file_utils.cpp">
      <Filter>Source Files</Filter>
    </ClCompile>
  </ItemGroup>
  <ItemGroup>
    <ClInclude Include="framework\system\input.h">
      <Filter>Header Files</Filter>
    </ClInclude>
    <ClInclude Include="framework\system\system.h">
      <Filter>Header Files</Filter>
    </ClInclude>
    <ClInclude Include="framework\system\window.h">
      <Filter>Header Files</Filter>
    </ClInclude>
    <ClInclude Include="framework\system\timer\timer.h">
      <Filter>Header Files</Filter>
    </ClInclude>
    <ClInclude Include="framework\system\timer\timerFPS.h">
      <Filter>Header Files</Filter>
    </ClInclude>
    <ClInclude Include="framework\game\game.h">
      <Filter>Header Files</Filter>
    </ClInclude>
    <ClInclude Include="framework\game\scenes\init_state.h">
      <Filter>Header Files</Filter>
    </ClInclude>
    <ClInclude Include="framework\game\scenes\mainmenu_state.h">
      <Filter>Header Files</Filter>
    </ClInclude>
    <ClInclude Include="framework\game\scenes\score_state.h">
      <Filter>Header Files</Filter>
    </ClInclude>
    <ClInclude Include="framework\system\managers\scene_manager.h">
      <Filter>Header Files</Filter>
    </ClInclude>
    <ClInclude Include="framework\system\managers\update_manager.h">
      <Filter>Header Files</Filter>
    </ClInclude>
    <ClInclude Include="framework\components\FSM.h">
      <Filter>Header Files</Filter>
    </ClInclude>
    <ClInclude Include="framework\graphics\shader.h">
      <Filter>Header Files</Filter>
    </ClInclude>
    <ClInclude Include="framework\utils\file_utils.h">
      <Filter>Header Files</Filter>
    </ClInclude>
  </ItemGroup>
</Project>