<?xml version="1.0" encoding="utf-8"?>
<Project ToolsVersion="4.0" xmlns="http://schemas.microsoft.com/developer/msbuild/2003">
  <ItemGroup>
    <Filter Include="Source Files">
      <UniqueIdentifier>{4FC737F1-C7A5-4376-A066-2A32D752A2FF}</UniqueIdentifier>
      <Extensions>cpp;c;cc;cxx;def;odl;idl;hpj;bat;asm;asmx</Extensions>
    </Filter>
    <Filter Include="Header Files">
      <UniqueIdentifier>{93995380-89BD-4b04-88EB-625FBE52EBFB}</UniqueIdentifier>
      <Extensions>h;hh;hpp;hxx;hm;inl;inc;ipp;xsd</Extensions>
    </Filter>
    <Filter Include="Resource Files">
      <UniqueIdentifier>{67DA6AB6-F800-4c08-8B7A-83BB121AAD01}</UniqueIdentifier>
      <Extensions>rc;ico;cur;bmp;dlg;rc2;rct;bin;rgs;gif;jpg;jpeg;jpe;resx;tiff;tif;png;wav;mfcribbon-ms</Extensions>
    </Filter>
  </ItemGroup>
  <ItemGroup>
    <ClCompile Include="main.cpp">
      <Filter>Source Files</Filter>
    </ClCompile>
    <ClCompile Include="framework\system\timer\timer.cpp">
      <Filter>Source Files</Filter>
    </ClCompile>
    <ClCompile Include="framework\system\timer\timerFPS.cpp">
      <Filter>Source Files</Filter>
    </ClCompile>
    <ClCompile Include="framework\graphics\shader.cpp">
      <Filter>Source Files</Filter>
    </ClCompile>
    <ClCompile Include="framework\utils\file_utils.cpp">
      <Filter>Source Files</Filter>
    </ClCompile>
    <ClCompile Include="framework\graphics\texture.cpp">
      <Filter>Source Files</Filter>
    </ClCompile>
    <ClCompile Include="framework\components\transform.cpp">
      <Filter>Source Files</Filter>
    </ClCompile>
    <ClCompile Include="framework\system\scene_manager.cpp">
      <Filter>Source Files</Filter>
    </ClCompile>
    <ClCompile Include="framework\system\core\asset_loader.cpp">
      <Filter>Source Files</Filter>
    </ClCompile>
    <ClCompile Include="framework\system\core\audio_engine.cpp">
      <Filter>Source Files</Filter>
    </ClCompile>
    <ClCompile Include="framework\system\core\input.cpp">
      <Filter>Source Files</Filter>
    </ClCompile>
    <ClCompile Include="framework\system\core\master_renderer.cpp">
      <Filter>Source Files</Filter>
    </ClCompile>
    <ClCompile Include="framework\system\core\system.cpp">
      <Filter>Source Files</Filter>
    </ClCompile>
    <ClCompile Include="framework\system\core\window.cpp">
      <Filter>Source Files</Filter>
    </ClCompile>
    <ClCompile Include="framework\system\core\resource_manager.cpp">
      <Filter>Source Files</Filter>
    </ClCompile>
    <ClCompile Include="framework\system\game_object.cpp">
      <Filter>Source Files</Filter>
    </ClCompile>
    <ClCompile Include="framework\system\component.cpp">
      <Filter>Source Files</Filter>
    </ClCompile>
    <ClCompile Include="framework\components\audio_clip.cpp">
      <Filter>Source Files</Filter>
    </ClCompile>
    <ClCompile Include="framework\components\gameobject_components\audio_source.cpp">
      <Filter>Source Files</Filter>
    </ClCompile>
    <ClCompile Include="framework\components\gameobject_components\sprite_renderer.cpp">
      <Filter>Source Files</Filter>
    </ClCompile>
    <ClCompile Include="framework\components\sprite.cpp">
      <Filter>Source Files</Filter>
    </ClCompile>
    <ClCompile Include="framework\components\gameobject_components\text_renderer.cpp">
      <Filter>Source Files</Filter>
    </ClCompile>
    <ClCompile Include="framework\components\gameobject_components\sprite_animation_controller.cpp">
      <Filter>Source Files</Filter>
    </ClCompile>
    <ClCompile Include="framework\components\sprite_animator.cpp">
      <Filter>Source Files</Filter>
    </ClCompile>
    <ClCompile Include="framework\system\core\physics_engine.cpp">
      <Filter>Source Files</Filter>
    </ClCompile>
    <ClCompile Include="test\CharacterTest.cpp">
      <Filter>Source Files</Filter>
    </ClCompile>
    <ClCompile Include="framework\graphics\sprite_batch_renderer.cpp">
      <Filter>Source Files</Filter>
    </ClCompile>
    <ClCompile Include="framework\graphics\renderer.cpp">
      <Filter>Source Files</Filter>
    </ClCompile>
    <ClCompile Include="framework\components\gameobject_components\rect_collider.cpp">
      <Filter>Source Files</Filter>
    </ClCompile>
    <ClCompile Include="framework\components\gameobject_components\character_controller_2d.cpp">
      <Filter>Source Files</Filter>
    </ClCompile>
    <ClCompile Include="framework\graphics\line_batch_renderer.cpp">
      <Filter>Source Files</Filter>
    </ClCompile>
    <ClCompile Include="framework\graphics\batch_renderer_manager.cpp">
      <Filter>Source Files</Filter>
    </ClCompile>
    <ClCompile Include="framework\components\viewport.cpp">
      <Filter>Source Files</Filter>
    </ClCompile>
    <ClCompile Include="framework\components\gameobject_components\camera.cpp">
      <Filter>Source Files</Filter>
    </ClCompile>
    <ClCompile Include="framework\system\camera_manager.cpp">
      <Filter>Source Files</Filter>
    </ClCompile>
    <ClCompile Include="framework\system\game_object_2d.cpp">
      <Filter>Source Files</Filter>
    </ClCompile>
    <ClCompile Include="framework\components\gameobject_components\image.cpp">
      <Filter>Source Files</Filter>
    </ClCompile>
    <ClCompile Include="framework\graphics\material.cpp">
      <Filter>Source Files</Filter>
    </ClCompile>
    <ClCompile Include="framework\graphics\mesh.cpp">
      <Filter>Source Files</Filter>
    </ClCompile>
    <ClCompile Include="framework\components\gameobject_components\mesh_renderer.cpp">
      <Filter>Source Files</Filter>
    </ClCompile>
    <ClCompile Include="framework\graphics\model.cpp">
      <Filter>Source Files</Filter>
    </ClCompile>
    <ClCompile Include="framework\graphics\light_manager.cpp">
      <Filter>Source Files</Filter>
    </ClCompile>
    <ClCompile Include="framework\components\gameobject_components\light.cpp">
      <Filter>Source Files</Filter>
    </ClCompile>
    <ClCompile Include="framework\graphics\shader_manager.cpp">
      <Filter>Source Files</Filter>
    </ClCompile>
    <ClCompile Include="framework\graphics\shaders\phong_shader.cpp">
      <Filter>Source Files</Filter>
    </ClCompile>
    <ClCompile Include="framework\graphics\shaders\default_3d_shader.cpp">
      <Filter>Source Files</Filter>
    </ClCompile>
    <ClCompile Include="framework\graphics\shaders\default_line_shader.cpp">
      <Filter>Source Files</Filter>
    </ClCompile>
    <ClCompile Include="framework\graphics\shaders\default_sprite_shader.cpp">
      <Filter>Source Files</Filter>
    </ClCompile>
    <ClCompile Include="framework\graphics\data_texture.cpp">
      <Filter>Source Files</Filter>
    </ClCompile>
    <ClCompile Include="framework\graphics\post_process_manager.cpp">
      <Filter>Source Files</Filter>
    </ClCompile>
    <ClCompile Include="framework\graphics\shaders\default_post_process.cpp">
      <Filter>Source Files</Filter>
    </ClCompile>
    <ClCompile Include="fretbuzz_pch.cpp">
      <Filter>Source Files</Filter>
    </ClCompile>
    <ClCompile Include="test\EnemyTest.cpp">
      <Filter>Source Files</Filter>
    </ClCompile>
    <ClCompile Include="game\scenes\gameplay_scene.cpp">
      <Filter>Source Files</Filter>
    </ClCompile>
    <ClCompile Include="game\prefab\prefab_player.cpp">
      <Filter>Source Files</Filter>
    </ClCompile>
    <ClCompile Include="game\managers\cursor\cursor_manager.cpp">
      <Filter>Source Files</Filter>
    </ClCompile>
    <ClCompile Include="game\managers\weapon\weapon_manger.cpp">
      <Filter>Source Files</Filter>
    </ClCompile>
    <ClCompile Include="game\prefab\prefab_game_manager.cpp">
      <Filter>Source Files</Filter>
    </ClCompile>
    <ClCompile Include="game\managers\player\PlayerController.cpp">
      <Filter>Source Files</Filter>
    </ClCompile>
    <ClCompile Include="framework\components\collider_2d.cpp">
      <Filter>Source Files</Filter>
    </ClCompile>
    <ClCompile Include="framework\components\raycast_callback.cpp">
      <Filter>Source Files</Filter>
    </ClCompile>
    <ClCompile Include="game\managers\InteractiveObject.cpp">
      <Filter>Source Files</Filter>
    </ClCompile>
    <ClCompile Include="game\prefab\prefab_weapon.cpp">
      <Filter>Source Files</Filter>
    </ClCompile>
    <ClCompile Include="game\prefab\prefab_wall.cpp">
      <Filter>Source Files</Filter>
    </ClCompile>
    <ClCompile Include="game\managers\weapon\weapon.cpp">
      <Filter>Source Files</Filter>
    </ClCompile>
    <ClCompile Include="game\managers\weapon\weapon_data.cpp">
      <Filter>Source Files</Filter>
    </ClCompile>
    <ClCompile Include="framework\utils\pool\object_pool.cpp">
      <Filter>Source Files</Filter>
    </ClCompile>
    <ClCompile Include="framework\utils\pool\gameobject_pool.cpp">
      <Filter>Source Files</Filter>
    </ClCompile>
    <ClCompile Include="game\prefab\prefab_bullet.cpp">
      <Filter>Source Files</Filter>
    </ClCompile>
    <ClCompile Include="game\managers\bullet\bullet.cpp">
      <Filter>Source Files</Filter>
    </ClCompile>
    <ClCompile Include="game\managers\enemy\EnemyController.cpp">
      <Filter>Source Files</Filter>
    </ClCompile>
    <ClCompile Include="game\prefab\prefab_enemy.cpp">
      <Filter>Source Files</Filter>
    </ClCompile>
    <ClCompile Include="vendor\imgui\imgui.cpp">
      <Filter>Source Files</Filter>
    </ClCompile>
    <ClCompile Include="vendor\imgui\imgui_demo.cpp">
      <Filter>Source Files</Filter>
    </ClCompile>
    <ClCompile Include="vendor\imgui\imgui_draw.cpp">
      <Filter>Source Files</Filter>
    </ClCompile>
    <ClCompile Include="vendor\imgui\imgui_widgets.cpp">
      <Filter>Source Files</Filter>
    </ClCompile>
    <ClCompile Include="vendor\imgui\imgui_impl_opengl3.cpp">
      <Filter>Source Files</Filter>
    </ClCompile>
    <ClCompile Include="vendor\imgui\imgui_impl_glfw.cpp">
      <Filter>Source Files</Filter>
    </ClCompile>
    <ClCompile Include="framework\components\gameobject_components\canvas.cpp">
      <Filter>Source Files</Filter>
    </ClCompile>
    <ClCompile Include="framework\system\editor\editor_inspector.cpp">
      <Filter>Source Files</Filter>
    </ClCompile>
    <ClCompile Include="framework\utils\Event\Delegate\delegate_base.cpp">
      <Filter>Source Files</Filter>
    </ClCompile>
    <ClCompile Include="framework\utils\Event\Delegate\delegate.cpp">
      <Filter>Source Files</Filter>
    </ClCompile>
    <ClCompile Include="framework\utils\Event\Delegate\action.cpp">
      <Filter>Source Files</Filter>
    </ClCompile>
  </ItemGroup>
  <ItemGroup>
    <ClInclude Include="framework\system\timer\timer.h">
      <Filter>Header Files</Filter>
    </ClInclude>
    <ClInclude Include="framework\system\timer\timerFPS.h">
      <Filter>Header Files</Filter>
    </ClInclude>
    <ClInclude Include="framework\graphics\shader.h">
      <Filter>Header Files</Filter>
    </ClInclude>
    <ClInclude Include="framework\utils\file_utils.h">
      <Filter>Header Files</Filter>
    </ClInclude>
    <ClInclude Include="framework\graphics\texture.h">
      <Filter>Header Files</Filter>
    </ClInclude>
    <ClInclude Include="framework\components\transform.h">
      <Filter>Header Files</Filter>
    </ClInclude>
    <ClInclude Include="framework\system\scene_manager.h">
      <Filter>Header Files</Filter>
    </ClInclude>
    <ClInclude Include="framework\utils\FSM.h">
      <Filter>Header Files</Filter>
    </ClInclude>
    <ClInclude Include="framework\system\core\asset_loader.h">
      <Filter>Header Files</Filter>
    </ClInclude>
    <ClInclude Include="framework\system\core\audio_engine.h">
      <Filter>Header Files</Filter>
    </ClInclude>
    <ClInclude Include="framework\system\core\input.h">
      <Filter>Header Files</Filter>
    </ClInclude>
    <ClInclude Include="framework\system\core\managed_resource.h">
      <Filter>Header Files</Filter>
    </ClInclude>
    <ClInclude Include="framework\system\core\master_renderer.h">
      <Filter>Header Files</Filter>
    </ClInclude>
    <ClInclude Include="framework\system\core\system.h">
      <Filter>Header Files</Filter>
    </ClInclude>
    <ClInclude Include="framework\system\core\window.h">
      <Filter>Header Files</Filter>
    </ClInclude>
    <ClInclude Include="framework\system\core\resource_manager.h">
      <Filter>Header Files</Filter>
    </ClInclude>
    <ClInclude Include="framework\system\game_object.h">
      <Filter>Header Files</Filter>
    </ClInclude>
    <ClInclude Include="framework\system\component.h">
      <Filter>Header Files</Filter>
    </ClInclude>
    <ClInclude Include="framework\components\audio_clip.h">
      <Filter>Header Files</Filter>
    </ClInclude>
    <ClInclude Include="framework\components\gameobject_components\audio_source.h">
      <Filter>Header Files</Filter>
    </ClInclude>
    <ClInclude Include="framework\components\gameobject_components\sprite_renderer.h">
      <Filter>Header Files</Filter>
    </ClInclude>
    <ClInclude Include="framework\components\sprite.h">
      <Filter>Header Files</Filter>
    </ClInclude>
    <ClInclude Include="framework\components\gameobject_components\text_renderer.h">
      <Filter>Header Files</Filter>
    </ClInclude>
    <ClInclude Include="framework\components\gameobject_components\sprite_animation_controller.h">
      <Filter>Header Files</Filter>
    </ClInclude>
    <ClInclude Include="framework\components\sprite_animator.h">
      <Filter>Header Files</Filter>
    </ClInclude>
    <ClInclude Include="framework\system\core\physics_engine.h">
      <Filter>Header Files</Filter>
    </ClInclude>
    <ClInclude Include="test\CharacterTest.h">
      <Filter>Header Files</Filter>
    </ClInclude>
    <ClInclude Include="framework\graphics\sprite_batch_renderer.h">
      <Filter>Header Files</Filter>
    </ClInclude>
    <ClInclude Include="framework\graphics\renderer.h">
      <Filter>Header Files</Filter>
    </ClInclude>
    <ClInclude Include="framework\components\gameobject_components\rect_collider.h">
      <Filter>Header Files</Filter>
    </ClInclude>
    <ClInclude Include="framework\components\gameobject_components\character_controller_2d.h">
      <Filter>Header Files</Filter>
    </ClInclude>
    <ClInclude Include="framework\graphics\line_batch_renderer.h">
      <Filter>Header Files</Filter>
    </ClInclude>
    <ClInclude Include="framework\graphics\batch_renderer_manager.h">
      <Filter>Header Files</Filter>
    </ClInclude>
    <ClInclude Include="framework\components\viewport.h">
      <Filter>Header Files</Filter>
    </ClInclude>
    <ClInclude Include="framework\components\gameobject_components\camera.h">
      <Filter>Header Files</Filter>
    </ClInclude>
    <ClInclude Include="framework\system\camera_manager.h">
      <Filter>Header Files</Filter>
    </ClInclude>
    <ClInclude Include="framework\graphics\rect.h">
      <Filter>Header Files</Filter>
    </ClInclude>
    <ClInclude Include="framework\system\game_object_2d.h">
      <Filter>Header Files</Filter>
    </ClInclude>
    <ClInclude Include="framework\components\rect_transform.h">
      <Filter>Header Files</Filter>
    </ClInclude>
    <ClInclude Include="framework\system\component_2d.h">
      <Filter>Header Files</Filter>
    </ClInclude>
    <ClInclude Include="framework\components\gameobject_components\image.h">
      <Filter>Header Files</Filter>
    </ClInclude>
    <ClInclude Include="framework\graphics\material.h">
      <Filter>Header Files</Filter>
    </ClInclude>
    <ClInclude Include="framework\graphics\mesh.h">
      <Filter>Header Files</Filter>
    </ClInclude>
    <ClInclude Include="framework\components\gameobject_components\mesh_renderer.h">
      <Filter>Header Files</Filter>
    </ClInclude>
    <ClInclude Include="framework\graphics\model.h">
      <Filter>Header Files</Filter>
    </ClInclude>
    <ClInclude Include="test\test_cube.h">
      <Filter>Header Files</Filter>
    </ClInclude>
    <ClInclude Include="framework\components\gameobject_components\behaviour.h">
      <Filter>Header Files</Filter>
    </ClInclude>
    <ClInclude Include="test\PlayerController.h">
      <Filter>Header Files</Filter>
    </ClInclude>
    <ClInclude Include="test\light_cube.h">
      <Filter>Header Files</Filter>
    </ClInclude>
    <ClInclude Include="framework\graphics\light_manager.h">
      <Filter>Header Files</Filter>
    </ClInclude>
    <ClInclude Include="framework\components\gameobject_components\light.h">
      <Filter>Header Files</Filter>
    </ClInclude>
    <ClInclude Include="framework\graphics\shader_manager.h">
      <Filter>Header Files</Filter>
    </ClInclude>
    <ClInclude Include="framework\graphics\shaders\phong_shader.h">
      <Filter>Header Files</Filter>
    </ClInclude>
    <ClInclude Include="framework\graphics\shader_factory.h">
      <Filter>Header Files</Filter>
    </ClInclude>
    <ClInclude Include="framework\graphics\shaders\default_3d_shader.h">
      <Filter>Header Files</Filter>
    </ClInclude>
    <ClInclude Include="framework\graphics\shaders\default_line_shader.h">
      <Filter>Header Files</Filter>
    </ClInclude>
    <ClInclude Include="framework\graphics\shaders\default_sprite_shader.h">
      <Filter>Header Files</Filter>
    </ClInclude>
    <ClInclude Include="framework\utils\resource_container.h">
      <Filter>Header Files</Filter>
    </ClInclude>
    <ClInclude Include="framework\system\system_defines.h">
      <Filter>Header Files</Filter>
    </ClInclude>
    <ClInclude Include="framework\graphics\data_texture.h">
      <Filter>Header Files</Filter>
    </ClInclude>
    <ClInclude Include="framework\graphics\post_process_manager.h">
      <Filter>Header Files</Filter>
    </ClInclude>
    <ClInclude Include="framework\graphics\shaders\default_post_process.h">
      <Filter>Header Files</Filter>
    </ClInclude>
    <ClInclude Include="framework\system\game_startup_data.h">
      <Filter>Header Files</Filter>
    </ClInclude>
    <ClInclude Include="fretbuzz_pch.h">
      <Filter>Header Files</Filter>
    </ClInclude>
    <ClInclude Include="test\EnemyTest.h">
      <Filter>Header Files</Filter>
    </ClInclude>
    <ClInclude Include="game\scenes\gameplay_scene.h">
      <Filter>Header Files</Filter>
    </ClInclude>
    <ClInclude Include="test\scenes\init_state.h">
      <Filter>Header Files</Filter>
    </ClInclude>
    <ClInclude Include="test\scenes\mainmenu_state.h">
      <Filter>Header Files</Filter>
    </ClInclude>
    <ClInclude Include="test\scenes\score_state.h">
      <Filter>Header Files</Filter>
    </ClInclude>
    <ClInclude Include="test\scenes\threed_test_setup.h">
      <Filter>Header Files</Filter>
    </ClInclude>
    <ClInclude Include="game\prefab\prefab_player.h">
      <Filter>Header Files</Filter>
    </ClInclude>
    <ClInclude Include="game\managers\cursor\cursor_manager.h">
      <Filter>Header Files</Filter>
    </ClInclude>
    <ClInclude Include="game\managers\weapon\weapon_manager.h">
      <Filter>Header Files</Filter>
    </ClInclude>
    <ClInclude Include="game\prefab\prefab_game_manager.h">
      <Filter>Header Files</Filter>
    </ClInclude>
    <ClInclude Include="game\managers\player\PlayerController.h">
      <Filter>Header Files</Filter>
    </ClInclude>
    <ClInclude Include="framework\components\collider_2d.h">
      <Filter>Header Files</Filter>
    </ClInclude>
    <ClInclude Include="framework\components\collider_data.h">
      <Filter>Header Files</Filter>
    </ClInclude>
    <ClInclude Include="framework\components\raycast_callback.h">
      <Filter>Header Files</Filter>
    </ClInclude>
    <ClInclude Include="game\managers\InteractiveObject.h">
      <Filter>Header Files</Filter>
    </ClInclude>
    <ClInclude Include="game\prefab\prefab_weapon.h">
      <Filter>Header Files</Filter>
    </ClInclude>
    <ClInclude Include="game\prefab\prefab_wall.h">
      <Filter>Header Files</Filter>
    </ClInclude>
    <ClInclude Include="game\managers\weapon\weapon.h">
      <Filter>Header Files</Filter>
    </ClInclude>
    <ClInclude Include="game\managers\weapon\weapon_data.h">
      <Filter>Header Files</Filter>
    </ClInclude>
    <ClInclude Include="framework\utils\pool\object_pool.h">
      <Filter>Header Files</Filter>
    </ClInclude>
    <ClInclude Include="framework\utils\pool\gameobject_pool.h">
      <Filter>Header Files</Filter>
    </ClInclude>
    <ClInclude Include="game\prefab\prefab_bullet.h">
      <Filter>Header Files</Filter>
    </ClInclude>
    <ClInclude Include="game\managers\bullet\bullet.h">
      <Filter>Header Files</Filter>
    </ClInclude>
    <ClInclude Include="game\managers\enemy\EnemyController.h">
      <Filter>Header Files</Filter>
    </ClInclude>
    <ClInclude Include="game\prefab\prefab_enemy.h">
      <Filter>Header Files</Filter>
    </ClInclude>
    <ClInclude Include="vendor\imgui\imconfig.h">
      <Filter>Header Files</Filter>
    </ClInclude>
    <ClInclude Include="vendor\imgui\imgui.h">
      <Filter>Header Files</Filter>
    </ClInclude>
    <ClInclude Include="vendor\imgui\imgui_internal.h">
      <Filter>Header Files</Filter>
    </ClInclude>
    <ClInclude Include="vendor\imgui\imstb_rectpack.h">
      <Filter>Header Files</Filter>
    </ClInclude>
    <ClInclude Include="vendor\imgui\imstb_textedit.h">
      <Filter>Header Files</Filter>
    </ClInclude>
    <ClInclude Include="vendor\imgui\imstb_truetype.h">
      <Filter>Header Files</Filter>
    </ClInclude>
    <ClInclude Include="vendor\imgui\imgui_impl_opengl3.h">
      <Filter>Header Files</Filter>
    </ClInclude>
    <ClInclude Include="vendor\imgui\imgui_impl_glfw.h">
      <Filter>Header Files</Filter>
    </ClInclude>
    <ClInclude Include="framework\components\gameobject_components\canvas.h">
      <Filter>Header Files</Filter>
    </ClInclude>
    <ClInclude Include="framework\system\editor\editor_inspector.h">
      <Filter>Header Files</Filter>
    </ClInclude>
    <ClInclude Include="framework\utils\Event\Delegate\delegate_base.h">
      <Filter>Header Files</Filter>
    </ClInclude>
    <ClInclude Include="framework\utils\Event\Delegate\action.h">
      <Filter>Header Files</Filter>
    </ClInclude>
    <ClInclude Include="framework\utils\Event\Delegate\delegate.h">
      <Filter>Header Files</Filter>
    </ClInclude>
  </ItemGroup>
  <ItemGroup>
    <Text Include="resources\shaders\default_sprite.fs" />
    <Text Include="resources\shaders\default_sprite.vs" />
    <Text Include="resources\shaders\default_line.fs" />
    <Text Include="resources\shaders\default_line.vs" />
  </ItemGroup>
  <ItemGroup>
    <Image Include="resources\textures\darksiders.jpg">
      <Filter>Resource Files</Filter>
    </Image>
    <Image Include="resources\textures\container_diffuse.png">
      <Filter>Resource Files</Filter>
    </Image>
    <Image Include="resources\textures\container_specular.png">
      <Filter>Resource Files</Filter>
    </Image>
    <Image Include="resources\model\computerdesk\Textures\Dark-Wood-Texture-520x339.jpg">
      <Filter>Resource Files</Filter>
    </Image>
    <Image Include="resources\sprites\Player\Player_Unarmed.png">
      <Filter>Resource Files</Filter>
    </Image>
    <Image Include="resources\sprites\Player\Player_Bat.png">
      <Filter>Resource Files</Filter>
    </Image>
    <Image Include="resources\sprites\Player\Player_Axe.png">
      <Filter>Resource Files</Filter>
    </Image>
    <Image Include="resources\sprites\Player\Player_DoubleBarrel.png">
      <Filter>Resource Files</Filter>
    </Image>
    <Image Include="resources\sprites\Player\Player_Knife.png">
      <Filter>Resource Files</Filter>
    </Image>
    <Image Include="resources\sprites\Player\Player_M16.png">
      <Filter>Resource Files</Filter>
    </Image>
    <Image Include="resources\sprites\Player\Player_Machete.png">
      <Filter>Resource Files</Filter>
    </Image>
    <Image Include="resources\sprites\Player\Player_Magnum.png">
      <Filter>Resource Files</Filter>
    </Image>
    <Image Include="resources\sprites\Player\Player_MP5.png">
      <Filter>Resource Files</Filter>
    </Image>
    <Image Include="resources\sprites\Player\Player_Pipe.png">
      <Filter>Resource Files</Filter>
    </Image>
    <Image Include="resources\sprites\Player\Player_Poolstick.png">
      <Filter>Resource Files</Filter>
    </Image>
    <Image Include="resources\sprites\Player\Player_Scorpion.png">
      <Filter>Resource Files</Filter>
    </Image>
    <Image Include="resources\sprites\Player\Player_Silencer.png">
      <Filter>Resource Files</Filter>
    </Image>
    <Image Include="resources\sprites\Player\Player_Sword.png">
      <Filter>Resource Files</Filter>
    </Image>
    <Image Include="resources\sprites\Player\Player_Uzi.png">
      <Filter>Resource Files</Filter>
    </Image>
    <Image Include="resources\sprites\Cursor\Cursor.png">
      <Filter>Resource Files</Filter>
    </Image>
    <Image Include="resources\sprites\Enemy\EnemyUnarmed.png">
      <Filter>Resource Files</Filter>
    </Image>
    <Image Include="resources\sprites\Enemy\EnemyBat.png">
      <Filter>Resource Files</Filter>
    </Image>
    <Image Include="resources\sprites\Enemy\EnemyM16.png">
      <Filter>Resource Files</Filter>
    </Image>
  </ItemGroup>
  <ItemGroup>
    <Media Include="resources\audio\breakout.mp3" />
  </ItemGroup>
  <ItemGroup>
    <None Include="resources\shaders\phong.vs" />
    <None Include="resources\shaders\phong.fs" />
    <None Include="resources\shaders\default_3d.fs" />
    <None Include="resources\shaders\default_3d.vs" />
    <None Include="resources\shaders\default_post_process.fs" />
    <None Include="resources\shaders\default_post_process.vs" />
  </ItemGroup>
  <ItemGroup>
    <Xml Include="resources\assets\Priority1\shaders\shaders.xml" />
    <Xml Include="resources\assets\Priority1\audio\audio.xml" />
    <Xml Include="resources\assets\Priority1\textures\textures.xml" />
    <Xml Include="resources\assets\Priority2\sprites\player\sprites.xml" />
    <Xml Include="resources\assets\Priority2\models\3dmodels.xml" />
    <Xml Include="resources\assets\Priority3\spriteanimation\spriteanimations.xml" />
  </ItemGroup>
</Project>