<?xml version="1.0" encoding="utf-8"?>
<Project ToolsVersion="4.0" xmlns="http://schemas.microsoft.com/developer/msbuild/2003">
  <ItemGroup>
    <Filter Include="Source Files">
      <UniqueIdentifier>{4FC737F1-C7A5-4376-A066-2A32D752A2FF}</UniqueIdentifier>
      <Extensions>cpp;c;cc;cxx;def;odl;idl;hpj;bat;asm;asmx</Extensions>
    </Filter>
    <Filter Include="Header Files">
      <UniqueIdentifier>{93995380-89BD-4b04-88EB-625FBE52EBFB}</UniqueIdentifier>
      <Extensions>h;hh;hpp;hxx;hm;inl;inc;ipp;xsd</Extensions>
    </Filter>
    <Filter Include="Resource Files">
      <UniqueIdentifier>{67DA6AB6-F800-4c08-8B7A-83BB121AAD01}</UniqueIdentifier>
      <Extensions>rc;ico;cur;bmp;dlg;rc2;rct;bin;rgs;gif;jpg;jpeg;jpe;resx;tiff;tif;png;wav;mfcribbon-ms</Extensions>
    </Filter>
  </ItemGroup>
  <ItemGroup>
    <ClCompile Include="main.cpp">
      <Filter>Source Files</Filter>
    </ClCompile>
    <ClCompile Include="framework\system\timer\timer.cpp">
      <Filter>Source Files</Filter>
    </ClCompile>
    <ClCompile Include="framework\system\timer\timerFPS.cpp">
      <Filter>Source Files</Filter>
    </ClCompile>
    <ClCompile Include="framework\graphics\shader.cpp">
      <Filter>Source Files</Filter>
    </ClCompile>
    <ClCompile Include="framework\utils\file_utils.cpp">
      <Filter>Source Files</Filter>
    </ClCompile>
    <ClCompile Include="framework\graphics\texture.cpp">
      <Filter>Source Files</Filter>
    </ClCompile>
    <ClCompile Include="framework\components\transform.cpp">
      <Filter>Source Files</Filter>
    </ClCompile>
    <ClCompile Include="framework\system\scene_manager.cpp">
      <Filter>Source Files</Filter>
    </ClCompile>
    <ClCompile Include="framework\system\core\asset_loader.cpp">
      <Filter>Source Files</Filter>
    </ClCompile>
    <ClCompile Include="framework\system\core\audio_engine.cpp">
      <Filter>Source Files</Filter>
    </ClCompile>
    <ClCompile Include="framework\system\core\input.cpp">
      <Filter>Source Files</Filter>
    </ClCompile>
    <ClCompile Include="framework\system\core\master_renderer.cpp">
      <Filter>Source Files</Filter>
    </ClCompile>
    <ClCompile Include="framework\system\core\system.cpp">
      <Filter>Source Files</Filter>
    </ClCompile>
    <ClCompile Include="framework\system\core\window.cpp">
      <Filter>Source Files</Filter>
    </ClCompile>
    <ClCompile Include="framework\system\core\resource_manager.cpp">
      <Filter>Source Files</Filter>
    </ClCompile>
    <ClCompile Include="framework\system\game_object.cpp">
      <Filter>Source Files</Filter>
    </ClCompile>
    <ClCompile Include="framework\system\component.cpp">
      <Filter>Source Files</Filter>
    </ClCompile>
    <ClCompile Include="framework\system\game.cpp">
      <Filter>Source Files</Filter>
    </ClCompile>
    <ClCompile Include="framework\components\audio_clip.cpp">
      <Filter>Source Files</Filter>
    </ClCompile>
    <ClCompile Include="framework\components\gameobject_components\audio_source.cpp">
      <Filter>Source Files</Filter>
    </ClCompile>
    <ClCompile Include="framework\components\gameobject_components\sprite_renderer.cpp">
      <Filter>Source Files</Filter>
    </ClCompile>
    <ClCompile Include="framework\components\sprite.cpp">
      <Filter>Source Files</Filter>
    </ClCompile>
    <ClCompile Include="framework\components\gameobject_components\text_renderer.cpp">
      <Filter>Source Files</Filter>
    </ClCompile>
    <ClCompile Include="framework\components\gameobject_components\sprite_animation_controller.cpp">
      <Filter>Source Files</Filter>
    </ClCompile>
    <ClCompile Include="framework\components\sprite_animator.cpp">
      <Filter>Source Files</Filter>
    </ClCompile>
    <ClCompile Include="framework\system\core\physics_engine.cpp">
      <Filter>Source Files</Filter>
    </ClCompile>
    <ClCompile Include="scenes\init_state.cpp">
      <Filter>Source Files</Filter>
    </ClCompile>
    <ClCompile Include="test\CharacterTest.cpp">
      <Filter>Source Files</Filter>
    </ClCompile>
    <ClCompile Include="framework\graphics\sprite_batch_renderer.cpp">
      <Filter>Source Files</Filter>
    </ClCompile>
    <ClCompile Include="framework\graphics\renderer.cpp">
      <Filter>Source Files</Filter>
    </ClCompile>
    <ClCompile Include="framework\components\gameobject_components\rect_collider.cpp">
      <Filter>Source Files</Filter>
    </ClCompile>
    <ClCompile Include="framework\components\gameobject_components\character_controller_2d.cpp">
      <Filter>Source Files</Filter>
    </ClCompile>
    <ClCompile Include="framework\graphics\line_batch_renderer.cpp">
      <Filter>Source Files</Filter>
    </ClCompile>
    <ClCompile Include="framework\graphics\batch_renderer_manager.cpp">
      <Filter>Source Files</Filter>
    </ClCompile>
    <ClCompile Include="framework\components\viewport.cpp">
      <Filter>Source Files</Filter>
    </ClCompile>
    <ClCompile Include="framework\components\gameobject_components\camera.cpp">
      <Filter>Source Files</Filter>
    </ClCompile>
    <ClCompile Include="framework\system\camera_manager.cpp">
      <Filter>Source Files</Filter>
    </ClCompile>
    <ClCompile Include="framework\system\game_object_2d.cpp">
      <Filter>Source Files</Filter>
    </ClCompile>
    <ClCompile Include="framework\components\gameobject_components\image.cpp">
      <Filter>Source Files</Filter>
    </ClCompile>
  </ItemGroup>
  <ItemGroup>
    <ClInclude Include="framework\system\timer\timer.h">
      <Filter>Header Files</Filter>
    </ClInclude>
    <ClInclude Include="framework\system\timer\timerFPS.h">
      <Filter>Header Files</Filter>
    </ClInclude>
    <ClInclude Include="framework\graphics\shader.h">
      <Filter>Header Files</Filter>
    </ClInclude>
    <ClInclude Include="framework\utils\file_utils.h">
      <Filter>Header Files</Filter>
    </ClInclude>
    <ClInclude Include="framework\graphics\texture.h">
      <Filter>Header Files</Filter>
    </ClInclude>
    <ClInclude Include="framework\components\transform.h">
      <Filter>Header Files</Filter>
    </ClInclude>
    <ClInclude Include="framework\system\scene_manager.h">
      <Filter>Header Files</Filter>
    </ClInclude>
    <ClInclude Include="framework\utils\math.h">
      <Filter>Header Files</Filter>
    </ClInclude>
    <ClInclude Include="framework\utils\FSM.h">
      <Filter>Header Files</Filter>
    </ClInclude>
    <ClInclude Include="framework\system\core\asset_loader.h">
      <Filter>Header Files</Filter>
    </ClInclude>
    <ClInclude Include="framework\system\core\audio_engine.h">
      <Filter>Header Files</Filter>
    </ClInclude>
    <ClInclude Include="framework\system\core\input.h">
      <Filter>Header Files</Filter>
    </ClInclude>
    <ClInclude Include="framework\system\core\managed_resource.h">
      <Filter>Header Files</Filter>
    </ClInclude>
    <ClInclude Include="framework\system\core\master_renderer.h">
      <Filter>Header Files</Filter>
    </ClInclude>
    <ClInclude Include="framework\system\core\system.h">
      <Filter>Header Files</Filter>
    </ClInclude>
    <ClInclude Include="framework\system\core\window.h">
      <Filter>Header Files</Filter>
    </ClInclude>
    <ClInclude Include="framework\system\core\resource_manager.h">
      <Filter>Header Files</Filter>
    </ClInclude>
    <ClInclude Include="framework\system\game_object.h">
      <Filter>Header Files</Filter>
    </ClInclude>
    <ClInclude Include="framework\system\component.h">
      <Filter>Header Files</Filter>
    </ClInclude>
    <ClInclude Include="framework\system\game.h">
      <Filter>Header Files</Filter>
    </ClInclude>
    <ClInclude Include="framework\components\audio_clip.h">
      <Filter>Header Files</Filter>
    </ClInclude>
    <ClInclude Include="framework\components\gameobject_components\audio_source.h">
      <Filter>Header Files</Filter>
    </ClInclude>
    <ClInclude Include="framework\components\gameobject_components\sprite_renderer.h">
      <Filter>Header Files</Filter>
    </ClInclude>
    <ClInclude Include="framework\components\sprite.h">
      <Filter>Header Files</Filter>
    </ClInclude>
    <ClInclude Include="framework\components\gameobject_components\text_renderer.h">
      <Filter>Header Files</Filter>
    </ClInclude>
    <ClInclude Include="framework\components\gameobject_components\sprite_animation_controller.h">
      <Filter>Header Files</Filter>
    </ClInclude>
    <ClInclude Include="framework\components\sprite_animator.h">
      <Filter>Header Files</Filter>
    </ClInclude>
    <ClInclude Include="framework\system\core\physics_engine.h">
      <Filter>Header Files</Filter>
    </ClInclude>
    <ClInclude Include="scenes\init_state.h">
      <Filter>Header Files</Filter>
    </ClInclude>
    <ClInclude Include="scenes\mainmenu_state.h">
      <Filter>Header Files</Filter>
    </ClInclude>
    <ClInclude Include="scenes\score_state.h">
      <Filter>Header Files</Filter>
    </ClInclude>
    <ClInclude Include="test\CharacterTest.h">
      <Filter>Header Files</Filter>
    </ClInclude>
    <ClInclude Include="framework\graphics\sprite_batch_renderer.h">
      <Filter>Header Files</Filter>
    </ClInclude>
    <ClInclude Include="framework\graphics\renderer.h">
      <Filter>Header Files</Filter>
    </ClInclude>
    <ClInclude Include="framework\components\gameobject_components\rect_collider.h">
      <Filter>Header Files</Filter>
    </ClInclude>
    <ClInclude Include="framework\components\gameobject_components\character_controller_2d.h">
      <Filter>Header Files</Filter>
    </ClInclude>
    <ClInclude Include="framework\graphics\line_batch_renderer.h">
      <Filter>Header Files</Filter>
    </ClInclude>
    <ClInclude Include="framework\graphics\batch_renderer_manager.h">
      <Filter>Header Files</Filter>
    </ClInclude>
    <ClInclude Include="framework\system\core\system_defines.h">
      <Filter>Header Files</Filter>
    </ClInclude>
    <ClInclude Include="framework\components\viewport.h">
      <Filter>Header Files</Filter>
    </ClInclude>
    <ClInclude Include="framework\components\gameobject_components\camera.h">
      <Filter>Header Files</Filter>
    </ClInclude>
    <ClInclude Include="framework\system\camera_manager.h">
      <Filter>Header Files</Filter>
    </ClInclude>
    <ClInclude Include="framework\graphics\rect.h">
      <Filter>Header Files</Filter>
    </ClInclude>
    <ClInclude Include="framework\system\game_object_2d.h">
      <Filter>Header Files</Filter>
    </ClInclude>
    <ClInclude Include="framework\components\rect_transform.h">
      <Filter>Header Files</Filter>
    </ClInclude>
    <ClInclude Include="framework\system\component_2d.h">
      <Filter>Header Files</Filter>
    </ClInclude>
    <ClInclude Include="framework\components\gameobject_components\image.h">
      <Filter>Header Files</Filter>
    </ClInclude>
  </ItemGroup>
  <ItemGroup>
    <Text Include="resources\shaders\fragShader.txt" />
    <Text Include="resources\shaders\vertShader.txt" />
    <Text Include="resources\shaders\defaultLineVertShader.txt" />
    <Text Include="resources\shaders\defaultLineFragShader.txt" />
  </ItemGroup>
  <ItemGroup>
    <Image Include="resources\textures\darksiders.jpg">
      <Filter>Resource Files</Filter>
    </Image>
    <Image Include="resources\sprites\sword.png">
      <Filter>Resource Files</Filter>
    </Image>
  </ItemGroup>
  <ItemGroup>
    <Media Include="resources\audio\breakout.mp3" />
  </ItemGroup>
  <ItemGroup>
    <Xml Include="resources\assets.xml" />
  </ItemGroup>
</Project>